
Microsoft Visual Studio Solution File, Format Version 12.00
# Visual Studio Version 17
VisualStudioVersion = 17.4.33205.214
MinimumVisualStudioVersion = 10.0.40219.1
Project("{FAE04EC0-301F-11D3-BF4B-00C04F79EFBC}") = "ImageToQR", "ImageToQR\ImageToQR.csproj", "{18157EC1-0AB2-4E8E-80F0-55C434BA7220}"
EndProject
Global
	GlobalSection(SolutionConfigurationPlatforms) = preSolution
		Debug|Any CPU = Debug|Any CPU
		Release|Any CPU = Release|Any CPU
	EndGlobalSection
	GlobalSection(ProjectConfigurationPlatforms) = postSolution
		{18157EC1-0AB2-4E8E-80F0-55C434BA7220}.Debug|Any CPU.ActiveCfg = Debug|Any CPU
		{18157EC1-0AB2-4E8E-80F0-55C434BA7220}.Debug|Any CPU.Build.0 = Debug|Any CPU
		{18157EC1-0AB2-4E8E-80F0-55C434BA7220}.Release|Any CPU.ActiveCfg = Release|Any CPU
		{18157EC1-0AB2-4E8E-80F0-55C434BA7220}.Release|Any CPU.Build.0 = Release|Any CPU
	EndGlobalSection
	GlobalSection(SolutionProperties) = preSolution
		HideSolutionNode = FALSE
	EndGlobalSection
	GlobalSection(ExtensibilityGlobals) = postSolution
		SolutionGuid = {4F070315-7AF1-4B65-B3B2-7C3C8C22528E}
	EndGlobalSection
EndGlobal
